// !$*UTF8*$!
{
	archiveVersion = 1;
	classes = {
	};
	objectVersion = 50;
	objects = {

/* Begin PBXBuildFile section */
		6A39353021C66D7100B12F8F /* NetworkServices.framework in Frameworks */ = {isa = PBXBuildFile; fileRef = 6A39352621C66D7100B12F8F /* NetworkServices.framework */; };
		6A39353521C66D7100B12F8F /* NetworkServicesTests.swift in Sources */ = {isa = PBXBuildFile; fileRef = 6A39353421C66D7100B12F8F /* NetworkServicesTests.swift */; };
		6A39353721C66D7100B12F8F /* NetworkServices.h in Headers */ = {isa = PBXBuildFile; fileRef = 6A39352921C66D7100B12F8F /* NetworkServices.h */; settings = {ATTRIBUTES = (Public, ); }; };
		6A39354121C66DCA00B12F8F /* ProductService.swift in Sources */ = {isa = PBXBuildFile; fileRef = 6A39354021C66DCA00B12F8F /* ProductService.swift */; };
		6AFDC49C21DEEDE400B9BB46 /* Entities.framework in Frameworks */ = {isa = PBXBuildFile; fileRef = 6AFDC49B21DEEDE400B9BB46 /* Entities.framework */; };
/* End PBXBuildFile section */

/* Begin PBXContainerItemProxy section */
		6A39353121C66D7100B12F8F /* PBXContainerItemProxy */ = {
			isa = PBXContainerItemProxy;
			containerPortal = 6A39351D21C66D7100B12F8F /* Project object */;
			proxyType = 1;
			remoteGlobalIDString = 6A39352521C66D7100B12F8F;
			remoteInfo = NetworkServices;
		};
/* End PBXContainerItemProxy section */

/* Begin PBXFileReference section */
		6A39352621C66D7100B12F8F /* NetworkServices.framework */ = {isa = PBXFileReference; explicitFileType = wrapper.framework; includeInIndex = 0; path = NetworkServices.framework; sourceTree = BUILT_PRODUCTS_DIR; };
		6A39352921C66D7100B12F8F /* NetworkServices.h */ = {isa = PBXFileReference; lastKnownFileType = sourcecode.c.h; path = NetworkServices.h; sourceTree = "<group>"; };
		6A39352A21C66D7100B12F8F /* Info.plist */ = {isa = PBXFileReference; lastKnownFileType = text.plist.xml; path = Info.plist; sourceTree = "<group>"; };
		6A39352F21C66D7100B12F8F /* NetworkServicesTests.xctest */ = {isa = PBXFileReference; explicitFileType = wrapper.cfbundle; includeInIndex = 0; path = NetworkServicesTests.xctest; sourceTree = BUILT_PRODUCTS_DIR; };
		6A39353421C66D7100B12F8F /* NetworkServicesTests.swift */ = {isa = PBXFileReference; lastKnownFileType = sourcecode.swift; path = NetworkServicesTests.swift; sourceTree = "<group>"; };
		6A39353621C66D7100B12F8F /* Info.plist */ = {isa = PBXFileReference; lastKnownFileType = text.plist.xml; path = Info.plist; sourceTree = "<group>"; };
		6A39354021C66DCA00B12F8F /* ProductService.swift */ = {isa = PBXFileReference; fileEncoding = 4; lastKnownFileType = sourcecode.swift; path = ProductService.swift; sourceTree = "<group>"; };
		6AFDC49B21DEEDE400B9BB46 /* Entities.framework */ = {isa = PBXFileReference; explicitFileType = wrapper.framework; path = Entities.framework; sourceTree = BUILT_PRODUCTS_DIR; };
/* End PBXFileReference section */

/* Begin PBXFrameworksBuildPhase section */
		6A39352321C66D7100B12F8F /* Frameworks */ = {
			isa = PBXFrameworksBuildPhase;
			buildActionMask = 2147483647;
			files = (
				6AFDC49C21DEEDE400B9BB46 /* Entities.framework in Frameworks */,
			);
			runOnlyForDeploymentPostprocessing = 0;
		};
		6A39352C21C66D7100B12F8F /* Frameworks */ = {
			isa = PBXFrameworksBuildPhase;
			buildActionMask = 2147483647;
			files = (
				6A39353021C66D7100B12F8F /* NetworkServices.framework in Frameworks */,
			);
			runOnlyForDeploymentPostprocessing = 0;
		};
/* End PBXFrameworksBuildPhase section */

/* Begin PBXGroup section */
		6A39351C21C66D7100B12F8F = {
			isa = PBXGroup;
			children = (
				6A39352821C66D7100B12F8F /* NetworkServices */,
				6A39353321C66D7100B12F8F /* NetworkServicesTests */,
				6A39352721C66D7100B12F8F /* Products */,
				6AFDC49A21DEEDE400B9BB46 /* Frameworks */,
			);
			sourceTree = "<group>";
		};
		6A39352721C66D7100B12F8F /* Products */ = {
			isa = PBXGroup;
			children = (
				6A39352621C66D7100B12F8F /* NetworkServices.framework */,
				6A39352F21C66D7100B12F8F /* NetworkServicesTests.xctest */,
			);
			name = Products;
			sourceTree = "<group>";
		};
		6A39352821C66D7100B12F8F /* NetworkServices */ = {
			isa = PBXGroup;
			children = (
				6A39354021C66DCA00B12F8F /* ProductService.swift */,
				6A39352921C66D7100B12F8F /* NetworkServices.h */,
				6A39352A21C66D7100B12F8F /* Info.plist */,
			);
			path = NetworkServices;
			sourceTree = "<group>";
		};
		6A39353321C66D7100B12F8F /* NetworkServicesTests */ = {
			isa = PBXGroup;
			children = (
				6A39353421C66D7100B12F8F /* NetworkServicesTests.swift */,
				6A39353621C66D7100B12F8F /* Info.plist */,
			);
			path = NetworkServicesTests;
			sourceTree = "<group>";
		};
		6AFDC49A21DEEDE400B9BB46 /* Frameworks */ = {
			isa = PBXGroup;
			children = (
				6AFDC49B21DEEDE400B9BB46 /* Entities.framework */,
			);
			name = Frameworks;
			sourceTree = "<group>";
		};
/* End PBXGroup section */

/* Begin PBXHeadersBuildPhase section */
		6A39352121C66D7100B12F8F /* Headers */ = {
			isa = PBXHeadersBuildPhase;
			buildActionMask = 2147483647;
			files = (
				6A39353721C66D7100B12F8F /* NetworkServices.h in Headers */,
			);
			runOnlyForDeploymentPostprocessing = 0;
		};
/* End PBXHeadersBuildPhase section */

/* Begin PBXNativeTarget section */
		6A39352521C66D7100B12F8F /* NetworkServices */ = {
			isa = PBXNativeTarget;
			buildConfigurationList = 6A39353A21C66D7100B12F8F /* Build configuration list for PBXNativeTarget "NetworkServices" */;
			buildPhases = (
				6A39352121C66D7100B12F8F /* Headers */,
				6A39352221C66D7100B12F8F /* Sources */,
				6A39352321C66D7100B12F8F /* Frameworks */,
				6A39352421C66D7100B12F8F /* Resources */,
			);
			buildRules = (
			);
			dependencies = (
			);
			name = NetworkServices;
			productName = NetworkServices;
			productReference = 6A39352621C66D7100B12F8F /* NetworkServices.framework */;
			productType = "com.apple.product-type.framework";
		};
		6A39352E21C66D7100B12F8F /* NetworkServicesTests */ = {
			isa = PBXNativeTarget;
			buildConfigurationList = 6A39353D21C66D7100B12F8F /* Build configuration list for PBXNativeTarget "NetworkServicesTests" */;
			buildPhases = (
				6A39352B21C66D7100B12F8F /* Sources */,
				6A39352C21C66D7100B12F8F /* Frameworks */,
				6A39352D21C66D7100B12F8F /* Resources */,
			);
			buildRules = (
			);
			dependencies = (
				6A39353221C66D7100B12F8F /* PBXTargetDependency */,
			);
			name = NetworkServicesTests;
			productName = NetworkServicesTests;
			productReference = 6A39352F21C66D7100B12F8F /* NetworkServicesTests.xctest */;
			productType = "com.apple.product-type.bundle.unit-test";
		};
/* End PBXNativeTarget section */

/* Begin PBXProject section */
		6A39351D21C66D7100B12F8F /* Project object */ = {
			isa = PBXProject;
			attributes = {
				LastSwiftUpdateCheck = 1010;
				LastUpgradeCheck = 1010;
				ORGANIZATIONNAME = "Cassius Pacheco";
				TargetAttributes = {
					6A39352521C66D7100B12F8F = {
						CreatedOnToolsVersion = 10.1;
						LastSwiftMigration = 1010;
					};
					6A39352E21C66D7100B12F8F = {
						CreatedOnToolsVersion = 10.1;
					};
				};
			};
			buildConfigurationList = 6A39352021C66D7100B12F8F /* Build configuration list for PBXProject "NetworkServices" */;
			compatibilityVersion = "Xcode 9.3";
			developmentRegion = en;
			hasScannedForEncodings = 0;
			knownRegions = (
				en,
			);
			mainGroup = 6A39351C21C66D7100B12F8F;
			productRefGroup = 6A39352721C66D7100B12F8F /* Products */;
			projectDirPath = "";
			projectRoot = "";
			targets = (
				6A39352521C66D7100B12F8F /* NetworkServices */,
				6A39352E21C66D7100B12F8F /* NetworkServicesTests */,
			);
		};
/* End PBXProject section */

/* Begin PBXResourcesBuildPhase section */
		6A39352421C66D7100B12F8F /* Resources */ = {
			isa = PBXResourcesBuildPhase;
			buildActionMask = 2147483647;
			files = (
			);
			runOnlyForDeploymentPostprocessing = 0;
		};
		6A39352D21C66D7100B12F8F /* Resources */ = {
			isa = PBXResourcesBuildPhase;
			buildActionMask = 2147483647;
			files = (
			);
			runOnlyForDeploymentPostprocessing = 0;
		};
/* End PBXResourcesBuildPhase section */

/* Begin PBXSourcesBuildPhase section */
		6A39352221C66D7100B12F8F /* Sources */ = {
			isa = PBXSourcesBuildPhase;
			buildActionMask = 2147483647;
			files = (
				6A39354121C66DCA00B12F8F /* ProductService.swift in Sources */,
			);
			runOnlyForDeploymentPostprocessing = 0;
		};
		6A39352B21C66D7100B12F8F /* Sources */ = {
			isa = PBXSourcesBuildPhase;
			buildActionMask = 2147483647;
			files = (
				6A39353521C66D7100B12F8F /* NetworkServicesTests.swift in Sources */,
			);
			runOnlyForDeploymentPostprocessing = 0;
		};
/* End PBXSourcesBuildPhase section */

/* Begin PBXTargetDependency section */
		6A39353221C66D7100B12F8F /* PBXTargetDependency */ = {
			isa = PBXTargetDependency;
			target = 6A39352521C66D7100B12F8F /* NetworkServices */;
			targetProxy = 6A39353121C66D7100B12F8F /* PBXContainerItemProxy */;
		};
/* End PBXTargetDependency section */

/* Begin XCBuildConfiguration section */
		6A39353821C66D7100B12F8F /* Debug */ = {
			isa = XCBuildConfiguration;
			buildSettings = {
				ALWAYS_SEARCH_USER_PATHS = NO;
				CLANG_ANALYZER_NONNULL = YES;
				CLANG_ANALYZER_NUMBER_OBJECT_CONVERSION = YES_AGGRESSIVE;
				CLANG_CXX_LANGUAGE_STANDARD = "gnu++14";
				CLANG_CXX_LIBRARY = "libc++";
				CLANG_ENABLE_MODULES = YES;
				CLANG_ENABLE_OBJC_ARC = YES;
				CLANG_ENABLE_OBJC_WEAK = YES;
				CLANG_WARN_BLOCK_CAPTURE_AUTORELEASING = YES;
				CLANG_WARN_BOOL_CONVERSION = YES;
				CLANG_WARN_COMMA = YES;
				CLANG_WARN_CONSTANT_CONVERSION = YES;
				CLANG_WARN_DEPRECATED_OBJC_IMPLEMENTATIONS = YES;
				CLANG_WARN_DIRECT_OBJC_ISA_USAGE = YES_ERROR;
				CLANG_WARN_DOCUMENTATION_COMMENTS = YES;
				CLANG_WARN_EMPTY_BODY = YES;
				CLANG_WARN_ENUM_CONVERSION = YES;
				CLANG_WARN_INFINITE_RECURSION = YES;
				CLANG_WARN_INT_CONVERSION = YES;
				CLANG_WARN_NON_LITERAL_NULL_CONVERSION = YES;
				CLANG_WARN_OBJC_IMPLICIT_RETAIN_SELF = YES;
				CLANG_WARN_OBJC_LITERAL_CONVERSION = YES;
				CLANG_WARN_OBJC_ROOT_CLASS = YES_ERROR;
				CLANG_WARN_RANGE_LOOP_ANALYSIS = YES;
				CLANG_WARN_STRICT_PROTOTYPES = YES;
				CLANG_WARN_SUSPICIOUS_MOVE = YES;
				CLANG_WARN_UNGUARDED_AVAILABILITY = YES_AGGRESSIVE;
				CLANG_WARN_UNREACHABLE_CODE = YES;
				CLANG_WARN__DUPLICATE_METHOD_MATCH = YES;
				CODE_SIGN_IDENTITY = "iPhone Developer";
				COPY_PHASE_STRIP = NO;
				CURRENT_PROJECT_VERSION = 1;
				DEBUG_INFORMATION_FORMAT = dwarf;
				ENABLE_STRICT_OBJC_MSGSEND = YES;
				ENABLE_TESTABILITY = YES;
				GCC_C_LANGUAGE_STANDARD = gnu11;
				GCC_DYNAMIC_NO_PIC = NO;
				GCC_NO_COMMON_BLOCKS = YES;
				GCC_OPTIMIZATION_LEVEL = 0;
				GCC_PREPROCESSOR_DEFINITIONS = (
					"DEBUG=1",
					"$(inherited)",
				);
				GCC_WARN_64_TO_32_BIT_CONVERSION = YES;
				GCC_WARN_ABOUT_RETURN_TYPE = YES_ERROR;
				GCC_WARN_UNDECLARED_SELECTOR = YES;
				GCC_WARN_UNINITIALIZED_AUTOS = YES_AGGRESSIVE;
				GCC_WARN_UNUSED_FUNCTION = YES;
				GCC_WARN_UNUSED_VARIABLE = YES;
				IPHONEOS_DEPLOYMENT_TARGET = 12.0;
				MTL_ENABLE_DEBUG_INFO = INCLUDE_SOURCE;
				MTL_FAST_MATH = YES;
				ONLY_ACTIVE_ARCH = YES;
				SDKROOT = iphoneos;
				SWIFT_ACTIVE_COMPILATION_CONDITIONS = DEBUG;
				SWIFT_OPTIMIZATION_LEVEL = "-Onone";
				VERSIONING_SYSTEM = "apple-generic";
				VERSION_INFO_PREFIX = "";
			};
			name = Debug;
		};
		6A39353921C66D7100B12F8F /* Release */ = {
			isa = XCBuildConfiguration;
			buildSettings = {
				ALWAYS_SEARCH_USER_PATHS = NO;
				CLANG_ANALYZER_NONNULL = YES;
				CLANG_ANALYZER_NUMBER_OBJECT_CONVERSION = YES_AGGRESSIVE;
				CLANG_CXX_LANGUAGE_STANDARD = "gnu++14";
				CLANG_CXX_LIBRARY = "libc++";
				CLANG_ENABLE_MODULES = YES;
				CLANG_ENABLE_OBJC_ARC = YES;
				CLANG_ENABLE_OBJC_WEAK = YES;
				CLANG_WARN_BLOCK_CAPTURE_AUTORELEASING = YES;
				CLANG_WARN_BOOL_CONVERSION = YES;
				CLANG_WARN_COMMA = YES;
				CLANG_WARN_CONSTANT_CONVERSION = YES;
				CLANG_WARN_DEPRECATED_OBJC_IMPLEMENTATIONS = YES;
				CLANG_WARN_DIRECT_OBJC_ISA_USAGE = YES_ERROR;
				CLANG_WARN_DOCUMENTATION_COMMENTS = YES;
				CLANG_WARN_EMPTY_BODY = YES;
				CLANG_WARN_ENUM_CONVERSION = YES;
				CLANG_WARN_INFINITE_RECURSION = YES;
				CLANG_WARN_INT_CONVERSION = YES;
				CLANG_WARN_NON_LITERAL_NULL_CONVERSION = YES;
				CLANG_WARN_OBJC_IMPLICIT_RETAIN_SELF = YES;
				CLANG_WARN_OBJC_LITERAL_CONVERSION = YES;
				CLANG_WARN_OBJC_ROOT_CLASS = YES_ERROR;
				CLANG_WARN_RANGE_LOOP_ANALYSIS = YES;
				CLANG_WARN_STRICT_PROTOTYPES = YES;
				CLANG_WARN_SUSPICIOUS_MOVE = YES;
				CLANG_WARN_UNGUARDED_AVAILABILITY = YES_AGGRESSIVE;
				CLANG_WARN_UNREACHABLE_CODE = YES;
				CLANG_WARN__DUPLICATE_METHOD_MATCH = YES;
				CODE_SIGN_IDENTITY = "iPhone Developer";
				COPY_PHASE_STRIP = NO;
				CURRENT_PROJECT_VERSION = 1;
				DEBUG_INFORMATION_FORMAT = "dwarf-with-dsym";
				ENABLE_NS_ASSERTIONS = NO;
				ENABLE_STRICT_OBJC_MSGSEND = YES;
				GCC_C_LANGUAGE_STANDARD = gnu11;
				GCC_NO_COMMON_BLOCKS = YES;
				GCC_WARN_64_TO_32_BIT_CONVERSION = YES;
				GCC_WARN_ABOUT_RETURN_TYPE = YES_ERROR;
				GCC_WARN_UNDECLARED_SELECTOR = YES;
				GCC_WARN_UNINITIALIZED_AUTOS = YES_AGGRESSIVE;
				GCC_WARN_UNUSED_FUNCTION = YES;
				GCC_WARN_UNUSED_VARIABLE = YES;
				IPHONEOS_DEPLOYMENT_TARGET = 12.0;
				MTL_ENABLE_DEBUG_INFO = NO;
				MTL_FAST_MATH = YES;
				SDKROOT = iphoneos;
				SWIFT_COMPILATION_MODE = wholemodule;
				SWIFT_OPTIMIZATION_LEVEL = "-O";
				VALIDATE_PRODUCT = YES;
				VERSIONING_SYSTEM = "apple-generic";
				VERSION_INFO_PREFIX = "";
			};
			name = Release;
		};
		6A39353B21C66D7100B12F8F /* Debug */ = {
			isa = XCBuildConfiguration;
			buildSettings = {
				CLANG_ENABLE_MODULES = YES;
				CODE_SIGN_IDENTITY = "";
				CODE_SIGN_STYLE = Automatic;
				DEFINES_MODULE = YES;
				DYLIB_COMPATIBILITY_VERSION = 1;
				DYLIB_CURRENT_VERSION = 1;
				DYLIB_INSTALL_NAME_BASE = "@rpath";
				INFOPLIST_FILE = NetworkServices/Info.plist;
				INSTALL_PATH = "$(LOCAL_LIBRARY_DIR)/Frameworks";
				LD_RUNPATH_SEARCH_PATHS = (
					"$(inherited)",
					"@executable_path/Frameworks",
					"@loader_path/Frameworks",
				);
				PRODUCT_BUNDLE_IDENTIFIER = com.cassiuspacheco.NetworkServices;
				PRODUCT_NAME = "$(TARGET_NAME:c99extidentifier)";
				SKIP_INSTALL = YES;
				SWIFT_OPTIMIZATION_LEVEL = "-Onone";
				SWIFT_VERSION = 4.2;
				TARGETED_DEVICE_FAMILY = "1,2";
			};
			name = Debug;
		};
		6A39353C21C66D7100B12F8F /* Release */ = {
			isa = XCBuildConfiguration;
			buildSettings = {
				CLANG_ENABLE_MODULES = YES;
				CODE_SIGN_IDENTITY = "";
				CODE_SIGN_STYLE = Automatic;
				DEFINES_MODULE = YES;
				DYLIB_COMPATIBILITY_VERSION = 1;
				DYLIB_CURRENT_VERSION = 1;
				DYLIB_INSTALL_NAME_BASE = "@rpath";
				INFOPLIST_FILE = NetworkServices/Info.plist;
				INSTALL_PATH = "$(LOCAL_LIBRARY_DIR)/Frameworks";
				LD_RUNPATH_SEARCH_PATHS = (
					"$(inherited)",
					"@executable_path/Frameworks",
					"@loader_path/Frameworks",
				);
				PRODUCT_BUNDLE_IDENTIFIER = com.cassiuspacheco.NetworkServices;
				PRODUCT_NAME = "$(TARGET_NAME:c99extidentifier)";
				SKIP_INSTALL = YES;
				SWIFT_VERSION = 4.2;
				TARGETED_DEVICE_FAMILY = "1,2";
			};
			name = Release;
		};
		6A39353E21C66D7100B12F8F /* Debug */ = {
			isa = XCBuildConfiguration;
			buildSettings = {
				ALWAYS_EMBED_SWIFT_STANDARD_LIBRARIES = YES;
				CODE_SIGN_STYLE = Automatic;
				INFOPLIST_FILE = NetworkServicesTests/Info.plist;
				LD_RUNPATH_SEARCH_PATHS = (
					"$(inherited)",
					"@executable_path/Frameworks",
					"@loader_path/Frameworks",
				);
				PRODUCT_BUNDLE_IDENTIFIER = com.cassiuspacheco.NetworkServicesTests;
				PRODUCT_NAME = "$(TARGET_NAME)";
				SWIFT_VERSION = 4.2;
				TARGETED_DEVICE_FAMILY = "1,2";
			};
			name = Debug;
		};
		6A39353F21C66D7100B12F8F /* Release */ = {
			isa = XCBuildConfiguration;
			buildSettings = {
				ALWAYS_EMBED_SWIFT_STANDARD_LIBRARIES = YES;
				CODE_SIGN_STYLE = Automatic;
				INFOPLIST_FILE = NetworkServicesTests/Info.plist;
				LD_RUNPATH_SEARCH_PATHS = (
					"$(inherited)",
					"@executable_path/Frameworks",
					"@loader_path/Frameworks",
				);
				PRODUCT_BUNDLE_IDENTIFIER = com.cassiuspacheco.NetworkServicesTests;
				PRODUCT_NAME = "$(TARGET_NAME)";
				SWIFT_VERSION = 4.2;
				TARGETED_DEVICE_FAMILY = "1,2";
			};
			name = Release;
		};
/* End XCBuildConfiguration section */

/* Begin XCConfigurationList section */
		6A39352021C66D7100B12F8F /* Build configuration list for PBXProject "NetworkServices" */ = {
			isa = XCConfigurationList;
			buildConfigurations = (
				6A39353821C66D7100B12F8F /* Debug */,
				6A39353921C66D7100B12F8F /* Release */,
			);
			defaultConfigurationIsVisible = 0;
			defaultConfigurationName = Release;
		};
		6A39353A21C66D7100B12F8F /* Build configuration list for PBXNativeTarget "NetworkServices" */ = {
			isa = XCConfigurationList;
			buildConfigurations = (
				6A39353B21C66D7100B12F8F /* Debug */,
				6A39353C21C66D7100B12F8F /* Release */,
			);
			defaultConfigurationIsVisible = 0;
			defaultConfigurationName = Release;
		};
		6A39353D21C66D7100B12F8F /* Build configuration list for PBXNativeTarget "NetworkServicesTests" */ = {
			isa = XCConfigurationList;
			buildConfigurations = (
				6A39353E21C66D7100B12F8F /* Debug */,
				6A39353F21C66D7100B12F8F /* Release */,
			);
			defaultConfigurationIsVisible = 0;
			defaultConfigurationName = Release;
		};
/* End XCConfigurationList section */
	};
	rootObject = 6A39351D21C66D7100B12F8F /* Project object */;
}
