// !$*UTF8*$!
{
	archiveVersion = 1;
	classes = {
	};
	objectVersion = 50;
	objects = {

/* Begin PBXBuildFile section */
		6A3934EC21C65B7D00B12F8F /* Persistence.framework in Frameworks */ = {isa = PBXBuildFile; fileRef = 6A3934E721C65B6100B12F8F /* Persistence.framework */; };
		6A3934ED21C65B7D00B12F8F /* Domain.framework in Frameworks */ = {isa = PBXBuildFile; fileRef = 6A3934E921C65B6100B12F8F /* Domain.framework */; };
		6A3934EE21C65B7D00B12F8F /* Data.framework in Frameworks */ = {isa = PBXBuildFile; fileRef = 6A3934EA21C65B6100B12F8F /* Data.framework */; };
		6A3934EF21C65B7D00B12F8F /* Entities.framework in Frameworks */ = {isa = PBXBuildFile; fileRef = 6A3934E821C65B6100B12F8F /* Entities.framework */; };
		6A3934F021C65B7D00B12F8F /* DependencyInjection.framework in Frameworks */ = {isa = PBXBuildFile; fileRef = 6A3934EB21C65B6100B12F8F /* DependencyInjection.framework */; };
		6A3934F121C65B7D00B12F8F /* Persistence.framework in Frameworks */ = {isa = PBXBuildFile; fileRef = 6A3934DA21C6539D00B12F8F /* Persistence.framework */; };
		6A3934F321C65BD800B12F8F /* InterfaceBinding.swift in Sources */ = {isa = PBXBuildFile; fileRef = 6A3934F221C65BD800B12F8F /* InterfaceBinding.swift */; };
		6A39354521C66E2600B12F8F /* NetworkServices.framework in Frameworks */ = {isa = PBXBuildFile; fileRef = 6A39354421C66E2600B12F8F /* NetworkServices.framework */; };
		6A39354721C66E5400B12F8F /* DependencyInjection.framework in Frameworks */ = {isa = PBXBuildFile; fileRef = 6A39354621C66E5400B12F8F /* DependencyInjection.framework */; };
		6A39354821C66E5400B12F8F /* DependencyInjection.framework in Embed Frameworks */ = {isa = PBXBuildFile; fileRef = 6A39354621C66E5400B12F8F /* DependencyInjection.framework */; settings = {ATTRIBUTES = (CodeSignOnCopy, RemoveHeadersOnCopy, ); }; };
		6A39354A21C66E5400B12F8F /* NetworkServices.framework in Frameworks */ = {isa = PBXBuildFile; fileRef = 6A39354921C66E5400B12F8F /* NetworkServices.framework */; };
		6A39354B21C66E5400B12F8F /* NetworkServices.framework in Embed Frameworks */ = {isa = PBXBuildFile; fileRef = 6A39354921C66E5400B12F8F /* NetworkServices.framework */; settings = {ATTRIBUTES = (CodeSignOnCopy, RemoveHeadersOnCopy, ); }; };
		6A39354D21C66E5500B12F8F /* Persistence.framework in Frameworks */ = {isa = PBXBuildFile; fileRef = 6A39354C21C66E5500B12F8F /* Persistence.framework */; };
		6A39354E21C66E5500B12F8F /* Persistence.framework in Embed Frameworks */ = {isa = PBXBuildFile; fileRef = 6A39354C21C66E5500B12F8F /* Persistence.framework */; settings = {ATTRIBUTES = (CodeSignOnCopy, RemoveHeadersOnCopy, ); }; };
		6A39355021C66E5500B12F8F /* Entities.framework in Frameworks */ = {isa = PBXBuildFile; fileRef = 6A39354F21C66E5500B12F8F /* Entities.framework */; };
		6A39355121C66E5500B12F8F /* Entities.framework in Embed Frameworks */ = {isa = PBXBuildFile; fileRef = 6A39354F21C66E5500B12F8F /* Entities.framework */; settings = {ATTRIBUTES = (CodeSignOnCopy, RemoveHeadersOnCopy, ); }; };
		6A39355321C66E5500B12F8F /* Data.framework in Frameworks */ = {isa = PBXBuildFile; fileRef = 6A39355221C66E5500B12F8F /* Data.framework */; };
		6A39355421C66E5500B12F8F /* Data.framework in Embed Frameworks */ = {isa = PBXBuildFile; fileRef = 6A39355221C66E5500B12F8F /* Data.framework */; settings = {ATTRIBUTES = (CodeSignOnCopy, RemoveHeadersOnCopy, ); }; };
		6A39355621C66E5500B12F8F /* Domain.framework in Frameworks */ = {isa = PBXBuildFile; fileRef = 6A39355521C66E5500B12F8F /* Domain.framework */; };
		6A39355721C66E5500B12F8F /* Domain.framework in Embed Frameworks */ = {isa = PBXBuildFile; fileRef = 6A39355521C66E5500B12F8F /* Domain.framework */; settings = {ATTRIBUTES = (CodeSignOnCopy, RemoveHeadersOnCopy, ); }; };
		6AAAC15720F1164E007D8CB1 /* Assets.xcassets in Resources */ = {isa = PBXBuildFile; fileRef = 6AAAC14520F1164E007D8CB1 /* Assets.xcassets */; };
		6AAAC15820F1164E007D8CB1 /* LaunchScreen.storyboard in Resources */ = {isa = PBXBuildFile; fileRef = 6AAAC14620F1164E007D8CB1 /* LaunchScreen.storyboard */; };
		6AAAC15D20F1164E007D8CB1 /* AppDelegate.swift in Sources */ = {isa = PBXBuildFile; fileRef = 6AAAC14D20F1164E007D8CB1 /* AppDelegate.swift */; };
		6AB1364721081A53004084DC /* AppCoordinator.swift in Sources */ = {isa = PBXBuildFile; fileRef = 6AB1363021081A53004084DC /* AppCoordinator.swift */; };
		6AB1364821081A53004084DC /* Coordinator.swift in Sources */ = {isa = PBXBuildFile; fileRef = 6AB1363121081A53004084DC /* Coordinator.swift */; };
		6AB1364B21081A53004084DC /* DependencyGraph.swift in Sources */ = {isa = PBXBuildFile; fileRef = 6AB1363821081A53004084DC /* DependencyGraph.swift */; };
		6AB1364C21081A53004084DC /* DetailViewModel.swift in Sources */ = {isa = PBXBuildFile; fileRef = 6AB1363C21081A53004084DC /* DetailViewModel.swift */; };
		6AB1364D21081A53004084DC /* DetailViewController.swift in Sources */ = {isa = PBXBuildFile; fileRef = 6AB1363F21081A53004084DC /* DetailViewController.swift */; };
		6AB1364E21081A53004084DC /* DetailViewController.xib in Resources */ = {isa = PBXBuildFile; fileRef = 6AB1364021081A53004084DC /* DetailViewController.xib */; };
		6AB1365321081A6F004084DC /* DetailCoordinator.swift in Sources */ = {isa = PBXBuildFile; fileRef = 6AB1365221081A6F004084DC /* DetailCoordinator.swift */; };
		6AB1365921081A9C004084DC /* MainViewController.xib in Resources */ = {isa = PBXBuildFile; fileRef = 6AB1365521081A9C004084DC /* MainViewController.xib */; };
		6AB1365A21081A9C004084DC /* MainViewController.swift in Sources */ = {isa = PBXBuildFile; fileRef = 6AB1365621081A9C004084DC /* MainViewController.swift */; };
		6AB1365C21081AB1004084DC /* MainViewModel.swift in Sources */ = {isa = PBXBuildFile; fileRef = 6AB1365B21081AB1004084DC /* MainViewModel.swift */; };
		6AB1365E21081B39004084DC /* MainCoordinator.swift in Sources */ = {isa = PBXBuildFile; fileRef = 6AB1365D21081B39004084DC /* MainCoordinator.swift */; };
		6ACB875820F116DD005A04A7 /* AppTests.swift in Sources */ = {isa = PBXBuildFile; fileRef = 6AAAC13320F1164E007D8CB1 /* AppTests.swift */; };
/* End PBXBuildFile section */

/* Begin PBXContainerItemProxy section */
		6A26FB8220F0E54500CDA761 /* PBXContainerItemProxy */ = {
			isa = PBXContainerItemProxy;
			containerPortal = 6A26FB6520F0E54400CDA761 /* Project object */;
			proxyType = 1;
			remoteGlobalIDString = 6A26FB6C20F0E54400CDA761;
			remoteInfo = Project;
		};
/* End PBXContainerItemProxy section */

/* Begin PBXCopyFilesBuildPhase section */
		6A26FC5C20F0EA0800CDA761 /* Embed Frameworks */ = {
			isa = PBXCopyFilesBuildPhase;
			buildActionMask = 2147483647;
			dstPath = "";
			dstSubfolderSpec = 10;
			files = (
				6A39355721C66E5500B12F8F /* Domain.framework in Embed Frameworks */,
				6A39354821C66E5400B12F8F /* DependencyInjection.framework in Embed Frameworks */,
				6A39354B21C66E5400B12F8F /* NetworkServices.framework in Embed Frameworks */,
				6A39354E21C66E5500B12F8F /* Persistence.framework in Embed Frameworks */,
				6A39355421C66E5500B12F8F /* Data.framework in Embed Frameworks */,
				6A39355121C66E5500B12F8F /* Entities.framework in Embed Frameworks */,
			);
			name = "Embed Frameworks";
			runOnlyForDeploymentPostprocessing = 0;
		};
/* End PBXCopyFilesBuildPhase section */

/* Begin PBXFileReference section */
		6A3934DA21C6539D00B12F8F /* Persistence.framework */ = {isa = PBXFileReference; explicitFileType = wrapper.framework; path = Persistence.framework; sourceTree = BUILT_PRODUCTS_DIR; };
		6A3934E721C65B6100B12F8F /* Persistence.framework */ = {isa = PBXFileReference; lastKnownFileType = wrapper.framework; name = Persistence.framework; path = "../../../Library/Developer/Xcode/DerivedData/SwiftCleanArchitecture-bnuzbcdxftqrsrecbinwvpfbtlhx/Build/Products/Debug-iphoneos/Persistence.framework"; sourceTree = "<group>"; };
		6A3934E821C65B6100B12F8F /* Entities.framework */ = {isa = PBXFileReference; lastKnownFileType = wrapper.framework; name = Entities.framework; path = "../../../Library/Developer/Xcode/DerivedData/SwiftCleanArchitecture-bnuzbcdxftqrsrecbinwvpfbtlhx/Build/Products/Debug-iphoneos/Entities.framework"; sourceTree = "<group>"; };
		6A3934E921C65B6100B12F8F /* Domain.framework */ = {isa = PBXFileReference; lastKnownFileType = wrapper.framework; name = Domain.framework; path = "../../../Library/Developer/Xcode/DerivedData/SwiftCleanArchitecture-bnuzbcdxftqrsrecbinwvpfbtlhx/Build/Products/Debug-iphoneos/Domain.framework"; sourceTree = "<group>"; };
		6A3934EA21C65B6100B12F8F /* Data.framework */ = {isa = PBXFileReference; lastKnownFileType = wrapper.framework; name = Data.framework; path = "../../../Library/Developer/Xcode/DerivedData/SwiftCleanArchitecture-bnuzbcdxftqrsrecbinwvpfbtlhx/Build/Products/Debug-iphoneos/Data.framework"; sourceTree = "<group>"; };
		6A3934EB21C65B6100B12F8F /* DependencyInjection.framework */ = {isa = PBXFileReference; lastKnownFileType = wrapper.framework; name = DependencyInjection.framework; path = "../../../Library/Developer/Xcode/DerivedData/SwiftCleanArchitecture-bnuzbcdxftqrsrecbinwvpfbtlhx/Build/Products/Debug-iphoneos/DependencyInjection.framework"; sourceTree = "<group>"; };
		6A3934F221C65BD800B12F8F /* InterfaceBinding.swift */ = {isa = PBXFileReference; fileEncoding = 4; lastKnownFileType = sourcecode.swift; path = InterfaceBinding.swift; sourceTree = "<group>"; };
		6A39354421C66E2600B12F8F /* NetworkServices.framework */ = {isa = PBXFileReference; explicitFileType = wrapper.framework; path = NetworkServices.framework; sourceTree = BUILT_PRODUCTS_DIR; };
		6A39354621C66E5400B12F8F /* DependencyInjection.framework */ = {isa = PBXFileReference; explicitFileType = wrapper.framework; path = DependencyInjection.framework; sourceTree = BUILT_PRODUCTS_DIR; };
		6A39354921C66E5400B12F8F /* NetworkServices.framework */ = {isa = PBXFileReference; explicitFileType = wrapper.framework; path = NetworkServices.framework; sourceTree = BUILT_PRODUCTS_DIR; };
		6A39354C21C66E5500B12F8F /* Persistence.framework */ = {isa = PBXFileReference; explicitFileType = wrapper.framework; path = Persistence.framework; sourceTree = BUILT_PRODUCTS_DIR; };
		6A39354F21C66E5500B12F8F /* Entities.framework */ = {isa = PBXFileReference; explicitFileType = wrapper.framework; path = Entities.framework; sourceTree = BUILT_PRODUCTS_DIR; };
		6A39355221C66E5500B12F8F /* Data.framework */ = {isa = PBXFileReference; explicitFileType = wrapper.framework; path = Data.framework; sourceTree = BUILT_PRODUCTS_DIR; };
		6A39355521C66E5500B12F8F /* Domain.framework */ = {isa = PBXFileReference; explicitFileType = wrapper.framework; path = Domain.framework; sourceTree = BUILT_PRODUCTS_DIR; };
		6A57C7D820F1169100857A8B /* AppTests.xctest */ = {isa = PBXFileReference; explicitFileType = wrapper.cfbundle; includeInIndex = 0; path = AppTests.xctest; sourceTree = BUILT_PRODUCTS_DIR; };
		6AAAC12320F11572007D8CB1 /* App.app */ = {isa = PBXFileReference; explicitFileType = wrapper.application; includeInIndex = 0; path = App.app; sourceTree = BUILT_PRODUCTS_DIR; };
		6AAAC13320F1164E007D8CB1 /* AppTests.swift */ = {isa = PBXFileReference; fileEncoding = 4; lastKnownFileType = sourcecode.swift; path = AppTests.swift; sourceTree = "<group>"; };
		6AAAC13420F1164E007D8CB1 /* Info.plist */ = {isa = PBXFileReference; fileEncoding = 4; lastKnownFileType = text.plist.xml; path = Info.plist; sourceTree = "<group>"; };
		6AAAC14520F1164E007D8CB1 /* Assets.xcassets */ = {isa = PBXFileReference; lastKnownFileType = folder.assetcatalog; path = Assets.xcassets; sourceTree = "<group>"; };
		6AAAC14720F1164E007D8CB1 /* Base */ = {isa = PBXFileReference; lastKnownFileType = file.storyboard; name = Base; path = Base.lproj/LaunchScreen.storyboard; sourceTree = "<group>"; };
		6AAAC14D20F1164E007D8CB1 /* AppDelegate.swift */ = {isa = PBXFileReference; fileEncoding = 4; lastKnownFileType = sourcecode.swift; path = AppDelegate.swift; sourceTree = "<group>"; };
		6AAAC14E20F1164E007D8CB1 /* Info.plist */ = {isa = PBXFileReference; fileEncoding = 4; lastKnownFileType = text.plist.xml; path = Info.plist; sourceTree = "<group>"; };
		6AB1363021081A53004084DC /* AppCoordinator.swift */ = {isa = PBXFileReference; fileEncoding = 4; lastKnownFileType = sourcecode.swift; path = AppCoordinator.swift; sourceTree = "<group>"; };
		6AB1363121081A53004084DC /* Coordinator.swift */ = {isa = PBXFileReference; fileEncoding = 4; lastKnownFileType = sourcecode.swift; path = Coordinator.swift; sourceTree = "<group>"; };
		6AB1363821081A53004084DC /* DependencyGraph.swift */ = {isa = PBXFileReference; fileEncoding = 4; lastKnownFileType = sourcecode.swift; path = DependencyGraph.swift; sourceTree = "<group>"; };
		6AB1363C21081A53004084DC /* DetailViewModel.swift */ = {isa = PBXFileReference; fileEncoding = 4; lastKnownFileType = sourcecode.swift; path = DetailViewModel.swift; sourceTree = "<group>"; };
		6AB1363F21081A53004084DC /* DetailViewController.swift */ = {isa = PBXFileReference; fileEncoding = 4; lastKnownFileType = sourcecode.swift; path = DetailViewController.swift; sourceTree = "<group>"; };
		6AB1364021081A53004084DC /* DetailViewController.xib */ = {isa = PBXFileReference; fileEncoding = 4; lastKnownFileType = file.xib; path = DetailViewController.xib; sourceTree = "<group>"; };
		6AB1365221081A6F004084DC /* DetailCoordinator.swift */ = {isa = PBXFileReference; lastKnownFileType = sourcecode.swift; path = DetailCoordinator.swift; sourceTree = "<group>"; };
		6AB1365521081A9C004084DC /* MainViewController.xib */ = {isa = PBXFileReference; fileEncoding = 4; lastKnownFileType = file.xib; path = MainViewController.xib; sourceTree = "<group>"; };
		6AB1365621081A9C004084DC /* MainViewController.swift */ = {isa = PBXFileReference; fileEncoding = 4; lastKnownFileType = sourcecode.swift; path = MainViewController.swift; sourceTree = "<group>"; };
		6AB1365B21081AB1004084DC /* MainViewModel.swift */ = {isa = PBXFileReference; lastKnownFileType = sourcecode.swift; path = MainViewModel.swift; sourceTree = "<group>"; };
		6AB1365D21081B39004084DC /* MainCoordinator.swift */ = {isa = PBXFileReference; lastKnownFileType = sourcecode.swift; path = MainCoordinator.swift; sourceTree = "<group>"; };
/* End PBXFileReference section */

/* Begin PBXFrameworksBuildPhase section */
		6A26FB6A20F0E54400CDA761 /* Frameworks */ = {
			isa = PBXFrameworksBuildPhase;
			buildActionMask = 2147483647;
			files = (
				6A39355321C66E5500B12F8F /* Data.framework in Frameworks */,
				6A39354521C66E2600B12F8F /* NetworkServices.framework in Frameworks */,
				6A39354A21C66E5400B12F8F /* NetworkServices.framework in Frameworks */,
				6A3934F021C65B7D00B12F8F /* DependencyInjection.framework in Frameworks */,
				6A3934EE21C65B7D00B12F8F /* Data.framework in Frameworks */,
				6A39354721C66E5400B12F8F /* DependencyInjection.framework in Frameworks */,
				6A3934F121C65B7D00B12F8F /* Persistence.framework in Frameworks */,
				6A39355021C66E5500B12F8F /* Entities.framework in Frameworks */,
				6A39355621C66E5500B12F8F /* Domain.framework in Frameworks */,
				6A39354D21C66E5500B12F8F /* Persistence.framework in Frameworks */,
				6A3934ED21C65B7D00B12F8F /* Domain.framework in Frameworks */,
				6A3934EC21C65B7D00B12F8F /* Persistence.framework in Frameworks */,
				6A3934EF21C65B7D00B12F8F /* Entities.framework in Frameworks */,
			);
			runOnlyForDeploymentPostprocessing = 0;
		};
		6A26FB7E20F0E54500CDA761 /* Frameworks */ = {
			isa = PBXFrameworksBuildPhase;
			buildActionMask = 2147483647;
			files = (
			);
			runOnlyForDeploymentPostprocessing = 0;
		};
/* End PBXFrameworksBuildPhase section */

/* Begin PBXGroup section */
		6A26FB6420F0E54400CDA761 = {
			isa = PBXGroup;
			children = (
				6AAAC13520F1164E007D8CB1 /* App */,
				6AAAC13220F1164E007D8CB1 /* AppTests */,
				6A3934D921C6539D00B12F8F /* Frameworks */,
				6AAAC12320F11572007D8CB1 /* App.app */,
				6A39355221C66E5500B12F8F /* Data.framework */,
				6A39354621C66E5400B12F8F /* DependencyInjection.framework */,
				6A39355521C66E5500B12F8F /* Domain.framework */,
				6A39354F21C66E5500B12F8F /* Entities.framework */,
				6A39354921C66E5400B12F8F /* NetworkServices.framework */,
				6A39354C21C66E5500B12F8F /* Persistence.framework */,
				6A57C7D820F1169100857A8B /* AppTests.xctest */,
			);
			sourceTree = "<group>";
		};
		6A3934D921C6539D00B12F8F /* Frameworks */ = {
			isa = PBXGroup;
			children = (
				6A39354421C66E2600B12F8F /* NetworkServices.framework */,
				6A3934E721C65B6100B12F8F /* Persistence.framework */,
				6A3934E921C65B6100B12F8F /* Domain.framework */,
				6A3934EA21C65B6100B12F8F /* Data.framework */,
				6A3934E821C65B6100B12F8F /* Entities.framework */,
				6A3934EB21C65B6100B12F8F /* DependencyInjection.framework */,
				6A3934DA21C6539D00B12F8F /* Persistence.framework */,
			);
			name = Frameworks;
			sourceTree = "<group>";
		};
		6AAAC13220F1164E007D8CB1 /* AppTests */ = {
			isa = PBXGroup;
			children = (
				6AAAC13320F1164E007D8CB1 /* AppTests.swift */,
				6AAAC13420F1164E007D8CB1 /* Info.plist */,
			);
			name = AppTests;
			path = ../AppTests;
			sourceTree = "<group>";
		};
		6AAAC13520F1164E007D8CB1 /* App */ = {
			isa = PBXGroup;
			children = (
				6AB1362F21081A53004084DC /* AppCoordinator */,
				6AB1363921081A53004084DC /* Features */,
				6AB1363221081A53004084DC /* Plugins */,
				6AAAC14520F1164E007D8CB1 /* Assets.xcassets */,
				6AAAC14620F1164E007D8CB1 /* LaunchScreen.storyboard */,
				6AAAC14D20F1164E007D8CB1 /* AppDelegate.swift */,
				6AAAC14E20F1164E007D8CB1 /* Info.plist */,
			);
			name = App;
			sourceTree = "<group>";
		};
		6AB1362F21081A53004084DC /* AppCoordinator */ = {
			isa = PBXGroup;
			children = (
				6AB1363021081A53004084DC /* AppCoordinator.swift */,
				6AB1363121081A53004084DC /* Coordinator.swift */,
			);
			path = AppCoordinator;
			sourceTree = "<group>";
		};
		6AB1363221081A53004084DC /* Plugins */ = {
			isa = PBXGroup;
			children = (
				6AB1363721081A53004084DC /* Dependency Injection */,
			);
			path = Plugins;
			sourceTree = "<group>";
		};
		6AB1363721081A53004084DC /* Dependency Injection */ = {
			isa = PBXGroup;
			children = (
				6AB1363821081A53004084DC /* DependencyGraph.swift */,
				6A3934F221C65BD800B12F8F /* InterfaceBinding.swift */,
			);
			path = "Dependency Injection";
			sourceTree = "<group>";
		};
		6AB1363921081A53004084DC /* Features */ = {
			isa = PBXGroup;
			children = (
				6AB1363A21081A53004084DC /* Detail */,
				6AB1364121081A53004084DC /* Main */,
			);
			path = Features;
			sourceTree = "<group>";
		};
		6AB1363A21081A53004084DC /* Detail */ = {
			isa = PBXGroup;
			children = (
				6AB1363D21081A53004084DC /* Coordinator */,
				6AB1363E21081A53004084DC /* ViewControllers */,
				6AB1363B21081A53004084DC /* ViewModel */,
			);
			path = Detail;
			sourceTree = "<group>";
		};
		6AB1363B21081A53004084DC /* ViewModel */ = {
			isa = PBXGroup;
			children = (
				6AB1363C21081A53004084DC /* DetailViewModel.swift */,
			);
			path = ViewModel;
			sourceTree = "<group>";
		};
		6AB1363D21081A53004084DC /* Coordinator */ = {
			isa = PBXGroup;
			children = (
				6AB1365221081A6F004084DC /* DetailCoordinator.swift */,
			);
			path = Coordinator;
			sourceTree = "<group>";
		};
		6AB1363E21081A53004084DC /* ViewControllers */ = {
			isa = PBXGroup;
			children = (
				6AB1363F21081A53004084DC /* DetailViewController.swift */,
				6AB1364021081A53004084DC /* DetailViewController.xib */,
			);
			path = ViewControllers;
			sourceTree = "<group>";
		};
		6AB1364121081A53004084DC /* Main */ = {
			isa = PBXGroup;
			children = (
				6AB1365721081A9C004084DC /* Coordinator */,
				6AB1365421081A9C004084DC /* ViewControllers */,
				6AB1365821081A9C004084DC /* ViewModel */,
			);
			path = Main;
			sourceTree = "<group>";
		};
		6AB1365421081A9C004084DC /* ViewControllers */ = {
			isa = PBXGroup;
			children = (
				6AB1365521081A9C004084DC /* MainViewController.xib */,
				6AB1365621081A9C004084DC /* MainViewController.swift */,
			);
			path = ViewControllers;
			sourceTree = "<group>";
		};
		6AB1365721081A9C004084DC /* Coordinator */ = {
			isa = PBXGroup;
			children = (
				6AB1365D21081B39004084DC /* MainCoordinator.swift */,
			);
			path = Coordinator;
			sourceTree = "<group>";
		};
		6AB1365821081A9C004084DC /* ViewModel */ = {
			isa = PBXGroup;
			children = (
				6AB1365B21081AB1004084DC /* MainViewModel.swift */,
			);
			path = ViewModel;
			sourceTree = "<group>";
		};
/* End PBXGroup section */

/* Begin PBXNativeTarget section */
		6A26FB6C20F0E54400CDA761 /* App */ = {
			isa = PBXNativeTarget;
			buildConfigurationList = 6A26FB8A20F0E54500CDA761 /* Build configuration list for PBXNativeTarget "App" */;
			buildPhases = (
				6A26FB6920F0E54400CDA761 /* Sources */,
				6A26FB6A20F0E54400CDA761 /* Frameworks */,
				6A26FB6B20F0E54400CDA761 /* Resources */,
				6A26FC5C20F0EA0800CDA761 /* Embed Frameworks */,
			);
			buildRules = (
			);
			dependencies = (
			);
			name = App;
			productName = Project;
			productReference = 6AAAC12320F11572007D8CB1 /* App.app */;
			productType = "com.apple.product-type.application";
		};
		6A26FB8020F0E54500CDA761 /* AppTests */ = {
			isa = PBXNativeTarget;
			buildConfigurationList = 6A26FB8D20F0E54500CDA761 /* Build configuration list for PBXNativeTarget "AppTests" */;
			buildPhases = (
				6A26FB7D20F0E54500CDA761 /* Sources */,
				6A26FB7E20F0E54500CDA761 /* Frameworks */,
				6A26FB7F20F0E54500CDA761 /* Resources */,
			);
			buildRules = (
			);
			dependencies = (
				6A26FB8320F0E54500CDA761 /* PBXTargetDependency */,
			);
			name = AppTests;
			productName = ProjectTests;
			productReference = 6A57C7D820F1169100857A8B /* AppTests.xctest */;
			productType = "com.apple.product-type.bundle.unit-test";
		};
/* End PBXNativeTarget section */

/* Begin PBXProject section */
		6A26FB6520F0E54400CDA761 /* Project object */ = {
			isa = PBXProject;
			attributes = {
				LastSwiftUpdateCheck = 0930;
				LastUpgradeCheck = 0930;
				ORGANIZATIONNAME = "Cassius Pacheco";
				TargetAttributes = {
					6A26FB6C20F0E54400CDA761 = {
						CreatedOnToolsVersion = 9.3;
						LastSwiftMigration = 1010;
					};
					6A26FB8020F0E54500CDA761 = {
						CreatedOnToolsVersion = 9.3;
						LastSwiftMigration = 1010;
						TestTargetID = 6A26FB6C20F0E54400CDA761;
					};
				};
			};
			buildConfigurationList = 6A26FB6820F0E54400CDA761 /* Build configuration list for PBXProject "App" */;
			compatibilityVersion = "Xcode 9.3";
			developmentRegion = en;
			hasScannedForEncodings = 0;
			knownRegions = (
				en,
				Base,
			);
			mainGroup = 6A26FB6420F0E54400CDA761;
			productRefGroup = 6A26FB6420F0E54400CDA761;
			projectDirPath = "";
			projectRoot = "";
			targets = (
				6A26FB6C20F0E54400CDA761 /* App */,
				6A26FB8020F0E54500CDA761 /* AppTests */,
			);
		};
/* End PBXProject section */

/* Begin PBXResourcesBuildPhase section */
		6A26FB6B20F0E54400CDA761 /* Resources */ = {
			isa = PBXResourcesBuildPhase;
			buildActionMask = 2147483647;
			files = (
				6AAAC15820F1164E007D8CB1 /* LaunchScreen.storyboard in Resources */,
				6AB1364E21081A53004084DC /* DetailViewController.xib in Resources */,
				6AAAC15720F1164E007D8CB1 /* Assets.xcassets in Resources */,
				6AB1365921081A9C004084DC /* MainViewController.xib in Resources */,
			);
			runOnlyForDeploymentPostprocessing = 0;
		};
		6A26FB7F20F0E54500CDA761 /* Resources */ = {
			isa = PBXResourcesBuildPhase;
			buildActionMask = 2147483647;
			files = (
			);
			runOnlyForDeploymentPostprocessing = 0;
		};
/* End PBXResourcesBuildPhase section */

/* Begin PBXSourcesBuildPhase section */
		6A26FB6920F0E54400CDA761 /* Sources */ = {
			isa = PBXSourcesBuildPhase;
			buildActionMask = 2147483647;
			files = (
				6AB1364721081A53004084DC /* AppCoordinator.swift in Sources */,
				6A3934F321C65BD800B12F8F /* InterfaceBinding.swift in Sources */,
				6AB1365E21081B39004084DC /* MainCoordinator.swift in Sources */,
				6AB1364C21081A53004084DC /* DetailViewModel.swift in Sources */,
				6AB1365321081A6F004084DC /* DetailCoordinator.swift in Sources */,
				6AB1364B21081A53004084DC /* DependencyGraph.swift in Sources */,
				6AAAC15D20F1164E007D8CB1 /* AppDelegate.swift in Sources */,
				6AB1364821081A53004084DC /* Coordinator.swift in Sources */,
				6AB1364D21081A53004084DC /* DetailViewController.swift in Sources */,
				6AB1365A21081A9C004084DC /* MainViewController.swift in Sources */,
				6AB1365C21081AB1004084DC /* MainViewModel.swift in Sources */,
			);
			runOnlyForDeploymentPostprocessing = 0;
		};
		6A26FB7D20F0E54500CDA761 /* Sources */ = {
			isa = PBXSourcesBuildPhase;
			buildActionMask = 2147483647;
			files = (
				6ACB875820F116DD005A04A7 /* AppTests.swift in Sources */,
			);
			runOnlyForDeploymentPostprocessing = 0;
		};
/* End PBXSourcesBuildPhase section */

/* Begin PBXTargetDependency section */
		6A26FB8320F0E54500CDA761 /* PBXTargetDependency */ = {
			isa = PBXTargetDependency;
			target = 6A26FB6C20F0E54400CDA761 /* App */;
			targetProxy = 6A26FB8220F0E54500CDA761 /* PBXContainerItemProxy */;
		};
/* End PBXTargetDependency section */

/* Begin PBXVariantGroup section */
		6AAAC14620F1164E007D8CB1 /* LaunchScreen.storyboard */ = {
			isa = PBXVariantGroup;
			children = (
				6AAAC14720F1164E007D8CB1 /* Base */,
			);
			name = LaunchScreen.storyboard;
			sourceTree = "<group>";
		};
/* End PBXVariantGroup section */

/* Begin XCBuildConfiguration section */
		6A26FB8820F0E54500CDA761 /* Debug */ = {
			isa = XCBuildConfiguration;
			buildSettings = {
				ALWAYS_SEARCH_USER_PATHS = NO;
				CLANG_ANALYZER_NONNULL = YES;
				CLANG_ANALYZER_NUMBER_OBJECT_CONVERSION = YES_AGGRESSIVE;
				CLANG_CXX_LANGUAGE_STANDARD = "gnu++14";
				CLANG_CXX_LIBRARY = "libc++";
				CLANG_ENABLE_MODULES = YES;
				CLANG_ENABLE_OBJC_ARC = YES;
				CLANG_ENABLE_OBJC_WEAK = YES;
				CLANG_WARN_BLOCK_CAPTURE_AUTORELEASING = YES;
				CLANG_WARN_BOOL_CONVERSION = YES;
				CLANG_WARN_COMMA = YES;
				CLANG_WARN_CONSTANT_CONVERSION = YES;
				CLANG_WARN_DEPRECATED_OBJC_IMPLEMENTATIONS = YES;
				CLANG_WARN_DIRECT_OBJC_ISA_USAGE = YES_ERROR;
				CLANG_WARN_DOCUMENTATION_COMMENTS = YES;
				CLANG_WARN_EMPTY_BODY = YES;
				CLANG_WARN_ENUM_CONVERSION = YES;
				CLANG_WARN_INFINITE_RECURSION = YES;
				CLANG_WARN_INT_CONVERSION = YES;
				CLANG_WARN_NON_LITERAL_NULL_CONVERSION = YES;
				CLANG_WARN_OBJC_IMPLICIT_RETAIN_SELF = YES;
				CLANG_WARN_OBJC_LITERAL_CONVERSION = YES;
				CLANG_WARN_OBJC_ROOT_CLASS = YES_ERROR;
				CLANG_WARN_RANGE_LOOP_ANALYSIS = YES;
				CLANG_WARN_STRICT_PROTOTYPES = YES;
				CLANG_WARN_SUSPICIOUS_MOVE = YES;
				CLANG_WARN_UNGUARDED_AVAILABILITY = YES_AGGRESSIVE;
				CLANG_WARN_UNREACHABLE_CODE = YES;
				CLANG_WARN__DUPLICATE_METHOD_MATCH = YES;
				CODE_SIGN_IDENTITY = "iPhone Developer";
				COPY_PHASE_STRIP = NO;
				DEBUG_INFORMATION_FORMAT = dwarf;
				ENABLE_STRICT_OBJC_MSGSEND = YES;
				ENABLE_TESTABILITY = YES;
				GCC_C_LANGUAGE_STANDARD = gnu11;
				GCC_DYNAMIC_NO_PIC = NO;
				GCC_NO_COMMON_BLOCKS = YES;
				GCC_OPTIMIZATION_LEVEL = 0;
				GCC_PREPROCESSOR_DEFINITIONS = (
					"DEBUG=1",
					"$(inherited)",
				);
				GCC_WARN_64_TO_32_BIT_CONVERSION = YES;
				GCC_WARN_ABOUT_RETURN_TYPE = YES_ERROR;
				GCC_WARN_UNDECLARED_SELECTOR = YES;
				GCC_WARN_UNINITIALIZED_AUTOS = YES_AGGRESSIVE;
				GCC_WARN_UNUSED_FUNCTION = YES;
				GCC_WARN_UNUSED_VARIABLE = YES;
				IPHONEOS_DEPLOYMENT_TARGET = 11.3;
				MTL_ENABLE_DEBUG_INFO = YES;
				ONLY_ACTIVE_ARCH = YES;
				SDKROOT = iphoneos;
				SWIFT_ACTIVE_COMPILATION_CONDITIONS = DEBUG;
				SWIFT_OPTIMIZATION_LEVEL = "-Onone";
			};
			name = Debug;
		};
		6A26FB8920F0E54500CDA761 /* Release */ = {
			isa = XCBuildConfiguration;
			buildSettings = {
				ALWAYS_SEARCH_USER_PATHS = NO;
				CLANG_ANALYZER_NONNULL = YES;
				CLANG_ANALYZER_NUMBER_OBJECT_CONVERSION = YES_AGGRESSIVE;
				CLANG_CXX_LANGUAGE_STANDARD = "gnu++14";
				CLANG_CXX_LIBRARY = "libc++";
				CLANG_ENABLE_MODULES = YES;
				CLANG_ENABLE_OBJC_ARC = YES;
				CLANG_ENABLE_OBJC_WEAK = YES;
				CLANG_WARN_BLOCK_CAPTURE_AUTORELEASING = YES;
				CLANG_WARN_BOOL_CONVERSION = YES;
				CLANG_WARN_COMMA = YES;
				CLANG_WARN_CONSTANT_CONVERSION = YES;
				CLANG_WARN_DEPRECATED_OBJC_IMPLEMENTATIONS = YES;
				CLANG_WARN_DIRECT_OBJC_ISA_USAGE = YES_ERROR;
				CLANG_WARN_DOCUMENTATION_COMMENTS = YES;
				CLANG_WARN_EMPTY_BODY = YES;
				CLANG_WARN_ENUM_CONVERSION = YES;
				CLANG_WARN_INFINITE_RECURSION = YES;
				CLANG_WARN_INT_CONVERSION = YES;
				CLANG_WARN_NON_LITERAL_NULL_CONVERSION = YES;
				CLANG_WARN_OBJC_IMPLICIT_RETAIN_SELF = YES;
				CLANG_WARN_OBJC_LITERAL_CONVERSION = YES;
				CLANG_WARN_OBJC_ROOT_CLASS = YES_ERROR;
				CLANG_WARN_RANGE_LOOP_ANALYSIS = YES;
				CLANG_WARN_STRICT_PROTOTYPES = YES;
				CLANG_WARN_SUSPICIOUS_MOVE = YES;
				CLANG_WARN_UNGUARDED_AVAILABILITY = YES_AGGRESSIVE;
				CLANG_WARN_UNREACHABLE_CODE = YES;
				CLANG_WARN__DUPLICATE_METHOD_MATCH = YES;
				CODE_SIGN_IDENTITY = "iPhone Developer";
				COPY_PHASE_STRIP = NO;
				DEBUG_INFORMATION_FORMAT = "dwarf-with-dsym";
				ENABLE_NS_ASSERTIONS = NO;
				ENABLE_STRICT_OBJC_MSGSEND = YES;
				GCC_C_LANGUAGE_STANDARD = gnu11;
				GCC_NO_COMMON_BLOCKS = YES;
				GCC_WARN_64_TO_32_BIT_CONVERSION = YES;
				GCC_WARN_ABOUT_RETURN_TYPE = YES_ERROR;
				GCC_WARN_UNDECLARED_SELECTOR = YES;
				GCC_WARN_UNINITIALIZED_AUTOS = YES_AGGRESSIVE;
				GCC_WARN_UNUSED_FUNCTION = YES;
				GCC_WARN_UNUSED_VARIABLE = YES;
				IPHONEOS_DEPLOYMENT_TARGET = 11.3;
				MTL_ENABLE_DEBUG_INFO = NO;
				SDKROOT = iphoneos;
				SWIFT_COMPILATION_MODE = wholemodule;
				SWIFT_OPTIMIZATION_LEVEL = "-O";
				VALIDATE_PRODUCT = YES;
			};
			name = Release;
		};
		6A26FB8B20F0E54500CDA761 /* Debug */ = {
			isa = XCBuildConfiguration;
			buildSettings = {
				ASSETCATALOG_COMPILER_APPICON_NAME = AppIcon;
				CLANG_ENABLE_MODULES = YES;
				CODE_SIGN_STYLE = Manual;
				DEVELOPMENT_TEAM = "";
				INFOPLIST_FILE = "$(SRCROOT)/Info.plist";
				LD_RUNPATH_SEARCH_PATHS = (
					"$(inherited)",
					"@executable_path/Frameworks",
				);
				PRODUCT_BUNDLE_IDENTIFIER = com.cassiuspacheco.App;
				PRODUCT_NAME = "$(TARGET_NAME)";
				PROVISIONING_PROFILE_SPECIFIER = "";
				SWIFT_OPTIMIZATION_LEVEL = "-Onone";
				SWIFT_VERSION = 4.2;
				TARGETED_DEVICE_FAMILY = "1,2";
			};
			name = Debug;
		};
		6A26FB8C20F0E54500CDA761 /* Release */ = {
			isa = XCBuildConfiguration;
			buildSettings = {
				ASSETCATALOG_COMPILER_APPICON_NAME = AppIcon;
				CLANG_ENABLE_MODULES = YES;
				CODE_SIGN_STYLE = Manual;
				DEVELOPMENT_TEAM = "";
				INFOPLIST_FILE = "$(SRCROOT)/Info.plist";
				LD_RUNPATH_SEARCH_PATHS = (
					"$(inherited)",
					"@executable_path/Frameworks",
				);
				PRODUCT_BUNDLE_IDENTIFIER = com.cassiuspacheco.App;
				PRODUCT_NAME = "$(TARGET_NAME)";
				PROVISIONING_PROFILE_SPECIFIER = "";
				SWIFT_VERSION = 4.2;
				TARGETED_DEVICE_FAMILY = "1,2";
			};
			name = Release;
		};
		6A26FB8E20F0E54500CDA761 /* Debug */ = {
			isa = XCBuildConfiguration;
			buildSettings = {
				ALWAYS_EMBED_SWIFT_STANDARD_LIBRARIES = YES;
				BUNDLE_LOADER = "$(TEST_HOST)";
				CODE_SIGN_STYLE = Manual;
				DEVELOPMENT_TEAM = "";
				INFOPLIST_FILE = "$(SRCROOT)/../AppTests/Info.plist";
				LD_RUNPATH_SEARCH_PATHS = (
					"$(inherited)",
					"@executable_path/Frameworks",
					"@loader_path/Frameworks",
				);
				PRODUCT_BUNDLE_IDENTIFIER = com.cassiuspacheco.AppTests;
				PRODUCT_NAME = "$(TARGET_NAME)";
				PROVISIONING_PROFILE_SPECIFIER = "";
				SWIFT_VERSION = 4.2;
				TARGETED_DEVICE_FAMILY = "1,2";
				TEST_HOST = "$(BUILT_PRODUCTS_DIR)/App.app/App";
			};
			name = Debug;
		};
		6A26FB8F20F0E54500CDA761 /* Release */ = {
			isa = XCBuildConfiguration;
			buildSettings = {
				ALWAYS_EMBED_SWIFT_STANDARD_LIBRARIES = YES;
				BUNDLE_LOADER = "$(TEST_HOST)";
				CODE_SIGN_STYLE = Manual;
				DEVELOPMENT_TEAM = "";
				INFOPLIST_FILE = "$(SRCROOT)/../AppTests/Info.plist";
				LD_RUNPATH_SEARCH_PATHS = (
					"$(inherited)",
					"@executable_path/Frameworks",
					"@loader_path/Frameworks",
				);
				PRODUCT_BUNDLE_IDENTIFIER = com.cassiuspacheco.AppTests;
				PRODUCT_NAME = "$(TARGET_NAME)";
				PROVISIONING_PROFILE_SPECIFIER = "";
				SWIFT_VERSION = 4.2;
				TARGETED_DEVICE_FAMILY = "1,2";
				TEST_HOST = "$(BUILT_PRODUCTS_DIR)/App.app/App";
			};
			name = Release;
		};
/* End XCBuildConfiguration section */

/* Begin XCConfigurationList section */
		6A26FB6820F0E54400CDA761 /* Build configuration list for PBXProject "App" */ = {
			isa = XCConfigurationList;
			buildConfigurations = (
				6A26FB8820F0E54500CDA761 /* Debug */,
				6A26FB8920F0E54500CDA761 /* Release */,
			);
			defaultConfigurationIsVisible = 0;
			defaultConfigurationName = Release;
		};
		6A26FB8A20F0E54500CDA761 /* Build configuration list for PBXNativeTarget "App" */ = {
			isa = XCConfigurationList;
			buildConfigurations = (
				6A26FB8B20F0E54500CDA761 /* Debug */,
				6A26FB8C20F0E54500CDA761 /* Release */,
			);
			defaultConfigurationIsVisible = 0;
			defaultConfigurationName = Release;
		};
		6A26FB8D20F0E54500CDA761 /* Build configuration list for PBXNativeTarget "AppTests" */ = {
			isa = XCConfigurationList;
			buildConfigurations = (
				6A26FB8E20F0E54500CDA761 /* Debug */,
				6A26FB8F20F0E54500CDA761 /* Release */,
			);
			defaultConfigurationIsVisible = 0;
			defaultConfigurationName = Release;
		};
/* End XCConfigurationList section */
	};
	rootObject = 6A26FB6520F0E54400CDA761 /* Project object */;
}
